Microsoft Visual Studio Solution File, Format Version 12.00
# Visual Studio 15
VisualStudioVersion = 15.0.26124.0
MinimumVisualStudioVersion = 15.0.26124.0
Project("{2150E333-8FDC-42A3-9474-1A3956D46DE8}") = "src", "src", "{56E31949-AD14-4FEF-9FA5-1846D85BB0DD}"
EndProject
Project("{9A19103F-16F7-4668-BE54-9A1E7A4F7556}") = "Xunit.Xml.TestLogger", "src\Xunit.Xml.TestLogger\Xunit.Xml.TestLogger.csproj", "{7D81A423-EA7B-44C1-8406-A35B82C6854D}"
EndProject
Project("{9A19103F-16F7-4668-BE54-9A1E7A4F7556}") = "Xunit.Xml.TestLogger.TestAdapter", "src\Xunit.Xml.TestLogger.TestAdapter\Xunit.Xml.TestLogger.TestAdapter.csproj", "{6F77ED18-AB53-4127-8287-D256481D19E5}"
EndProject
Project("{9A19103F-16F7-4668-BE54-9A1E7A4F7556}") = "package", "src\package\package.csproj", "{7B7B81D6-AF83-4D7F-B0BC-0F6FCC731167}"
EndProject
Project("{2150E333-8FDC-42A3-9474-1A3956D46DE8}") = "TestAssets", "TestAssets", "{D8C793C9-0E13-4594-8EB6-23CE4B6B3E28}"
EndProject
Project("{9A19103F-16F7-4668-BE54-9A1E7A4F7556}") = "Xunit.Xml.TestLogger.NetCore.Tests", "test\Xunit.Xml.TestLogger.NetCore.Tests\Xunit.Xml.TestLogger.NetCore.Tests.csproj", "{05467EB3-5FBC-4FDD-BC44-12A9A58F8666}"
EndProject
Project("{9A19103F-16F7-4668-BE54-9A1E7A4F7556}") = "Xunit.Xml.TestLogger.NetFull.Tests", "test\Xunit.Xml.TestLogger.NetFull.Tests\Xunit.Xml.TestLogger.NetFull.Tests.csproj", "{F473808D-822F-4F63-905D-A2CC0C9567E2}"
EndProject
Global
	GlobalSection(SolutionConfigurationPlatforms) = preSolution
		Debug|Any CPU = Debug|Any CPU
		Debug|x64 = Debug|x64
		Debug|x86 = Debug|x86
		Release|Any CPU = Release|Any CPU
		Release|x64 = Release|x64
		Release|x86 = Release|x86
	EndGlobalSection
	GlobalSection(ProjectConfigurationPlatforms) = postSolution
		{7D81A423-EA7B-44C1-8406-A35B82C6854D}.Debug|Any CPU.ActiveCfg = Debug|Any CPU
		{7D81A423-EA7B-44C1-8406-A35B82C6854D}.Debug|Any CPU.Build.0 = Debug|Any CPU
		{7D81A423-EA7B-44C1-8406-A35B82C6854D}.Debug|x64.ActiveCfg = Debug|Any CPU
		{7D81A423-EA7B-44C1-8406-A35B82C6854D}.Debug|x64.Build.0 = Debug|Any CPU
		{7D81A423-EA7B-44C1-8406-A35B82C6854D}.Debug|x86.ActiveCfg = Debug|Any CPU
		{7D81A423-EA7B-44C1-8406-A35B82C6854D}.Debug|x86.Build.0 = Debug|Any CPU
		{7D81A423-EA7B-44C1-8406-A35B82C6854D}.Release|Any CPU.ActiveCfg = Release|Any CPU
		{7D81A423-EA7B-44C1-8406-A35B82C6854D}.Release|Any CPU.Build.0 = Release|Any CPU
		{7D81A423-EA7B-44C1-8406-A35B82C6854D}.Release|x64.ActiveCfg = Release|Any CPU
		{7D81A423-EA7B-44C1-8406-A35B82C6854D}.Release|x64.Build.0 = Release|Any CPU
		{7D81A423-EA7B-44C1-8406-A35B82C6854D}.Release|x86.ActiveCfg = Release|Any CPU
		{7D81A423-EA7B-44C1-8406-A35B82C6854D}.Release|x86.Build.0 = Release|Any CPU
		{6F77ED18-AB53-4127-8287-D256481D19E5}.Debug|Any CPU.ActiveCfg = Debug|Any CPU
		{6F77ED18-AB53-4127-8287-D256481D19E5}.Debug|Any CPU.Build.0 = Debug|Any CPU
		{6F77ED18-AB53-4127-8287-D256481D19E5}.Debug|x64.ActiveCfg = Debug|Any CPU
		{6F77ED18-AB53-4127-8287-D256481D19E5}.Debug|x64.Build.0 = Debug|Any CPU
		{6F77ED18-AB53-4127-8287-D256481D19E5}.Debug|x86.ActiveCfg = Debug|Any CPU
		{6F77ED18-AB53-4127-8287-D256481D19E5}.Debug|x86.Build.0 = Debug|Any CPU
		{6F77ED18-AB53-4127-8287-D256481D19E5}.Release|Any CPU.ActiveCfg = Release|Any CPU
		{6F77ED18-AB53-4127-8287-D256481D19E5}.Release|Any CPU.Build.0 = Release|Any CPU
		{6F77ED18-AB53-4127-8287-D256481D19E5}.Release|x64.ActiveCfg = Release|Any CPU
		{6F77ED18-AB53-4127-8287-D256481D19E5}.Release|x64.Build.0 = Release|Any CPU
		{6F77ED18-AB53-4127-8287-D256481D19E5}.Release|x86.ActiveCfg = Release|Any CPU
		{6F77ED18-AB53-4127-8287-D256481D19E5}.Release|x86.Build.0 = Release|Any CPU
		{7B7B81D6-AF83-4D7F-B0BC-0F6FCC731167}.Debug|Any CPU.ActiveCfg = Debug|Any CPU
		{7B7B81D6-AF83-4D7F-B0BC-0F6FCC731167}.Debug|Any CPU.Build.0 = Debug|Any CPU
		{7B7B81D6-AF83-4D7F-B0BC-0F6FCC731167}.Debug|x64.ActiveCfg = Debug|Any CPU
		{7B7B81D6-AF83-4D7F-B0BC-0F6FCC731167}.Debug|x64.Build.0 = Debug|Any CPU
		{7B7B81D6-AF83-4D7F-B0BC-0F6FCC731167}.Debug|x86.ActiveCfg = Debug|Any CPU
		{7B7B81D6-AF83-4D7F-B0BC-0F6FCC731167}.Debug|x86.Build.0 = Debug|Any CPU
		{7B7B81D6-AF83-4D7F-B0BC-0F6FCC731167}.Release|Any CPU.ActiveCfg = Release|Any CPU
		{7B7B81D6-AF83-4D7F-B0BC-0F6FCC731167}.Release|Any CPU.Build.0 = Release|Any CPU
		{7B7B81D6-AF83-4D7F-B0BC-0F6FCC731167}.Release|x64.ActiveCfg = Release|Any CPU
		{7B7B81D6-AF83-4D7F-B0BC-0F6FCC731167}.Release|x64.Build.0 = Release|Any CPU
		{7B7B81D6-AF83-4D7F-B0BC-0F6FCC731167}.Release|x86.ActiveCfg = Release|Any CPU
		{7B7B81D6-AF83-4D7F-B0BC-0F6FCC731167}.Release|x86.Build.0 = Release|Any CPU
		{05467EB3-5FBC-4FDD-BC44-12A9A58F8666}.Debug|Any CPU.ActiveCfg = Debug|Any CPU
		{05467EB3-5FBC-4FDD-BC44-12A9A58F8666}.Debug|Any CPU.Build.0 = Debug|Any CPU
		{05467EB3-5FBC-4FDD-BC44-12A9A58F8666}.Debug|x64.ActiveCfg = Debug|Any CPU
		{05467EB3-5FBC-4FDD-BC44-12A9A58F8666}.Debug|x64.Build.0 = Debug|Any CPU
		{05467EB3-5FBC-4FDD-BC44-12A9A58F8666}.Debug|x86.ActiveCfg = Debug|Any CPU
		{05467EB3-5FBC-4FDD-BC44-12A9A58F8666}.Debug|x86.Build.0 = Debug|Any CPU
		{05467EB3-5FBC-4FDD-BC44-12A9A58F8666}.Release|Any CPU.ActiveCfg = Release|Any CPU
		{05467EB3-5FBC-4FDD-BC44-12A9A58F8666}.Release|Any CPU.Build.0 = Release|Any CPU
		{05467EB3-5FBC-4FDD-BC44-12A9A58F8666}.Release|x64.ActiveCfg = Release|Any CPU
		{05467EB3-5FBC-4FDD-BC44-12A9A58F8666}.Release|x64.Build.0 = Release|Any CPU
		{05467EB3-5FBC-4FDD-BC44-12A9A58F8666}.Release|x86.ActiveCfg = Release|Any CPU
		{05467EB3-5FBC-4FDD-BC44-12A9A58F8666}.Release|x86.Build.0 = Release|Any CPU
		{F473808D-822F-4F63-905D-A2CC0C9567E2}.Debug|Any CPU.ActiveCfg = Debug|Any CPU
		{F473808D-822F-4F63-905D-A2CC0C9567E2}.Debug|Any CPU.Build.0 = Debug|Any CPU
		{F473808D-822F-4F63-905D-A2CC0C9567E2}.Debug|x64.ActiveCfg = Debug|Any CPU
		{F473808D-822F-4F63-905D-A2CC0C9567E2}.Debug|x64.Build.0 = Debug|Any CPU
		{F473808D-822F-4F63-905D-A2CC0C9567E2}.Debug|x86.ActiveCfg = Debug|Any CPU
		{F473808D-822F-4F63-905D-A2CC0C9567E2}.Debug|x86.Build.0 = Debug|Any CPU
		{F473808D-822F-4F63-905D-A2CC0C9567E2}.Release|Any CPU.ActiveCfg = Release|Any CPU
		{F473808D-822F-4F63-905D-A2CC0C9567E2}.Release|Any CPU.Build.0 = Release|Any CPU
		{F473808D-822F-4F63-905D-A2CC0C9567E2}.Release|x64.ActiveCfg = Release|Any CPU
		{F473808D-822F-4F63-905D-A2CC0C9567E2}.Release|x64.Build.0 = Release|Any CPU
		{F473808D-822F-4F63-905D-A2CC0C9567E2}.Release|x86.ActiveCfg = Release|Any CPU
		{F473808D-822F-4F63-905D-A2CC0C9567E2}.Release|x86.Build.0 = Release|Any CPU
	EndGlobalSection
	GlobalSection(SolutionProperties) = preSolution
		HideSolutionNode = FALSE
	EndGlobalSection
	GlobalSection(NestedProjects) = preSolution
		{7D81A423-EA7B-44C1-8406-A35B82C6854D} = {56E31949-AD14-4FEF-9FA5-1846D85BB0DD}
		{6F77ED18-AB53-4127-8287-D256481D19E5} = {56E31949-AD14-4FEF-9FA5-1846D85BB0DD}
		{7B7B81D6-AF83-4D7F-B0BC-0F6FCC731167} = {56E31949-AD14-4FEF-9FA5-1846D85BB0DD}
		{05467EB3-5FBC-4FDD-BC44-12A9A58F8666} = {D8C793C9-0E13-4594-8EB6-23CE4B6B3E28}
		{F473808D-822F-4F63-905D-A2CC0C9567E2} = {D8C793C9-0E13-4594-8EB6-23CE4B6B3E28}
	EndGlobalSection
	GlobalSection(ExtensibilityGlobals) = postSolution
		SolutionGuid = {FAF46C07-224A-4996-A35D-45AB3E9D76D7}
	EndGlobalSection
EndGlobal
